PODS:
  - SimpleLogger (1.1.3)
  - SnapKit (4.0.0)

DEPENDENCIES:
  - SimpleLogger (from `https://github.com/thinkaboutiter/SimpleLogger.git`, tag `1.1.3`)
  - SnapKit (~> 4.0)

EXTERNAL SOURCES:
  SimpleLogger:
    :git: https://github.com/thinkaboutiter/SimpleLogger.git
    :tag: 1.1.3

CHECKOUT OPTIONS:
  SimpleLogger:
    :git: https://github.com/thinkaboutiter/SimpleLogger.git
    :tag: 1.1.3

SPEC CHECKSUMS:
  SimpleLogger: aa148db0d914b1e7b6d1be4e1fb0a6f2a84e6c68
  SnapKit: a42d492c16e80209130a3379f73596c3454b7694

PODFILE CHECKSUM: 3d4cf4dce0d6c789ba6ecfa878e5ca801e5afacb

COCOAPODS: 1.3.1
