// !$*UTF8*$!
{
	archiveVersion = 1;
	classes = {
	};
	objectVersion = 46;
	objects = {

/* Begin PBXBuildFile section */
		4F36D7A71F9F389300E744D5 /* InitialViewController.swift in Sources */ = {isa = PBXBuildFile; fileRef = 4F36D78F1F9F389300E744D5 /* InitialViewController.swift */; };
		4F36D7A81F9F389300E744D5 /* BaseViewController.swift in Sources */ = {isa = PBXBuildFile; fileRef = 4F36D7911F9F389300E744D5 /* BaseViewController.swift */; };
		4F36D7A91F9F389300E744D5 /* BaseTableViewCell.swift in Sources */ = {isa = PBXBuildFile; fileRef = 4F36D7921F9F389300E744D5 /* BaseTableViewCell.swift */; };
		4F36D7AA1F9F389300E744D5 /* BaseTableViewController.swift in Sources */ = {isa = PBXBuildFile; fileRef = 4F36D7931F9F389300E744D5 /* BaseTableViewController.swift */; };
		4F36D7AB1F9F389300E744D5 /* FinalViewController.swift in Sources */ = {isa = PBXBuildFile; fileRef = 4F36D7971F9F389300E744D5 /* FinalViewController.swift */; };
		4F36D7AC1F9F389300E744D5 /* MainViewController.swift in Sources */ = {isa = PBXBuildFile; fileRef = 4F36D79B1F9F389300E744D5 /* MainViewController.swift */; };
		4F36D7AD1F9F389300E744D5 /* TransitionCoordinators.swift in Sources */ = {isa = PBXBuildFile; fileRef = 4F36D79E1F9F389300E744D5 /* TransitionCoordinators.swift */; };
		4F36D7AE1F9F389300E744D5 /* AxialTransitioningAnimator.swift in Sources */ = {isa = PBXBuildFile; fileRef = 4F36D7A01F9F389300E744D5 /* AxialTransitioningAnimator.swift */; };
		4F36D7AF1F9F389300E744D5 /* BaseTransitioningDelegate.swift in Sources */ = {isa = PBXBuildFile; fileRef = 4F36D7A21F9F389300E744D5 /* BaseTransitioningDelegate.swift */; };
		4F36D7B01F9F389300E744D5 /* TransitionResignable.swift in Sources */ = {isa = PBXBuildFile; fileRef = 4F36D7A41F9F389300E744D5 /* TransitionResignable.swift */; };
		4F36D7B11F9F389300E744D5 /* BasePresentationController.swift in Sources */ = {isa = PBXBuildFile; fileRef = 4F36D7A61F9F389300E744D5 /* BasePresentationController.swift */; };
		4F36D7B51F9F3A2E00E744D5 /* AppConstants.swift in Sources */ = {isa = PBXBuildFile; fileRef = 4F36D7B41F9F3A2E00E744D5 /* AppConstants.swift */; };
		4F36D7B71F9F3A3B00E744D5 /* ErrorCreator.swift in Sources */ = {isa = PBXBuildFile; fileRef = 4F36D7B61F9F3A3B00E744D5 /* ErrorCreator.swift */; };
		4F36D7B91F9F407A00E744D5 /* UIWindow+Extensions.swift in Sources */ = {isa = PBXBuildFile; fileRef = 4F36D7B81F9F407A00E744D5 /* UIWindow+Extensions.swift */; };
		4F36D7BB1F9F40F900E744D5 /* UIView+Extensions.swift in Sources */ = {isa = PBXBuildFile; fileRef = 4F36D7BA1F9F40F900E744D5 /* UIView+Extensions.swift */; };
		4F36D7BE1F9F428000E744D5 /* Initial.storyboard in Resources */ = {isa = PBXBuildFile; fileRef = 4F36D7C01F9F428000E744D5 /* Initial.storyboard */; };
		4F36D7C21F9F46B600E744D5 /* AppUtilities.swift in Sources */ = {isa = PBXBuildFile; fileRef = 4F36D7C11F9F46B600E744D5 /* AppUtilities.swift */; };
		4F4F07451F9F8BD90035BAA1 /* MainTableViewHeaderFooterView.swift in Sources */ = {isa = PBXBuildFile; fileRef = 4F4F07441F9F8BD90035BAA1 /* MainTableViewHeaderFooterView.swift */; };
		4F4F07471F9F8BF80035BAA1 /* MainTableViewHeaderFooterView.xib in Resources */ = {isa = PBXBuildFile; fileRef = 4F4F07461F9F8BF80035BAA1 /* MainTableViewHeaderFooterView.xib */; };
		4F8C727A1F9F66BB00E751E3 /* BaseTransitioningAnimator.swift in Sources */ = {isa = PBXBuildFile; fileRef = 4F8C72791F9F66BB00E751E3 /* BaseTransitioningAnimator.swift */; };
		4F8C727E1F9F744B00E751E3 /* Main.storyboard in Resources */ = {isa = PBXBuildFile; fileRef = 4F8C72801F9F744B00E751E3 /* Main.storyboard */; };
		4FA57A691FA086CC007B815A /* Final.storyboard in Resources */ = {isa = PBXBuildFile; fileRef = 4FA57A6B1FA086CC007B815A /* Final.storyboard */; };
		4FB56C131F9F7B9C00276F98 /* MainViewModel.swift in Sources */ = {isa = PBXBuildFile; fileRef = 4FB56C121F9F7B9C00276F98 /* MainViewModel.swift */; };
		4FB56C151F9F870700276F98 /* BaseTableView.swift in Sources */ = {isa = PBXBuildFile; fileRef = 4FB56C141F9F870700276F98 /* BaseTableView.swift */; };
		7D323B531C46309900938F08 /* AppDelegate.swift in Sources */ = {isa = PBXBuildFile; fileRef = 7D323B521C46309900938F08 /* AppDelegate.swift */; };
		7D323B5A1C46309900938F08 /* Assets.xcassets in Resources */ = {isa = PBXBuildFile; fileRef = 7D323B591C46309900938F08 /* Assets.xcassets */; };
		7D323B5D1C46309900938F08 /* LaunchScreen.storyboard in Resources */ = {isa = PBXBuildFile; fileRef = 7D323B5B1C46309900938F08 /* LaunchScreen.storyboard */; };
		E5A6B4013DB2F9A99450327B /* Pods_Transitions.framework in Frameworks */ = {isa = PBXBuildFile; fileRef = 30702B6A674F8A5118C4DDE4 /* Pods_Transitions.framework */; };
/* End PBXBuildFile section */

/* Begin PBXFileReference section */
		30702B6A674F8A5118C4DDE4 /* Pods_Transitions.framework */ = {isa = PBXFileReference; explicitFileType = wrapper.framework; includeInIndex = 0; path = Pods_Transitions.framework; sourceTree = BUILT_PRODUCTS_DIR; };
		4F36D78F1F9F389300E744D5 /* InitialViewController.swift */ = {isa = PBXFileReference; fileEncoding = 4; lastKnownFileType = sourcecode.swift; path = InitialViewController.swift; sourceTree = "<group>"; };
		4F36D7911F9F389300E744D5 /* BaseViewController.swift */ = {isa = PBXFileReference; fileEncoding = 4; lastKnownFileType = sourcecode.swift; path = BaseViewController.swift; sourceTree = "<group>"; };
		4F36D7921F9F389300E744D5 /* BaseTableViewCell.swift */ = {isa = PBXFileReference; fileEncoding = 4; lastKnownFileType = sourcecode.swift; path = BaseTableViewCell.swift; sourceTree = "<group>"; };
		4F36D7931F9F389300E744D5 /* BaseTableViewController.swift */ = {isa = PBXFileReference; fileEncoding = 4; lastKnownFileType = sourcecode.swift; path = BaseTableViewController.swift; sourceTree = "<group>"; };
		4F36D7971F9F389300E744D5 /* FinalViewController.swift */ = {isa = PBXFileReference; fileEncoding = 4; lastKnownFileType = sourcecode.swift; path = FinalViewController.swift; sourceTree = "<group>"; };
		4F36D79B1F9F389300E744D5 /* MainViewController.swift */ = {isa = PBXFileReference; fileEncoding = 4; lastKnownFileType = sourcecode.swift; path = MainViewController.swift; sourceTree = "<group>"; };
		4F36D79E1F9F389300E744D5 /* TransitionCoordinators.swift */ = {isa = PBXFileReference; fileEncoding = 4; lastKnownFileType = sourcecode.swift; path = TransitionCoordinators.swift; sourceTree = "<group>"; };
		4F36D7A01F9F389300E744D5 /* AxialTransitioningAnimator.swift */ = {isa = PBXFileReference; fileEncoding = 4; lastKnownFileType = sourcecode.swift; path = AxialTransitioningAnimator.swift; sourceTree = "<group>"; };
		4F36D7A21F9F389300E744D5 /* BaseTransitioningDelegate.swift */ = {isa = PBXFileReference; fileEncoding = 4; lastKnownFileType = sourcecode.swift; path = BaseTransitioningDelegate.swift; sourceTree = "<group>"; };
		4F36D7A41F9F389300E744D5 /* TransitionResignable.swift */ = {isa = PBXFileReference; fileEncoding = 4; lastKnownFileType = sourcecode.swift; path = TransitionResignable.swift; sourceTree = "<group>"; };
		4F36D7A61F9F389300E744D5 /* BasePresentationController.swift */ = {isa = PBXFileReference; fileEncoding = 4; lastKnownFileType = sourcecode.swift; path = BasePresentationController.swift; sourceTree = "<group>"; };
		4F36D7B41F9F3A2E00E744D5 /* AppConstants.swift */ = {isa = PBXFileReference; lastKnownFileType = sourcecode.swift; path = AppConstants.swift; sourceTree = "<group>"; };
		4F36D7B61F9F3A3B00E744D5 /* ErrorCreator.swift */ = {isa = PBXFileReference; lastKnownFileType = sourcecode.swift; path = ErrorCreator.swift; sourceTree = "<group>"; };
		4F36D7B81F9F407A00E744D5 /* UIWindow+Extensions.swift */ = {isa = PBXFileReference; lastKnownFileType = sourcecode.swift; path = "UIWindow+Extensions.swift"; sourceTree = "<group>"; };
		4F36D7BA1F9F40F900E744D5 /* UIView+Extensions.swift */ = {isa = PBXFileReference; lastKnownFileType = sourcecode.swift; path = "UIView+Extensions.swift"; sourceTree = "<group>"; };
		4F36D7BF1F9F428000E744D5 /* Base */ = {isa = PBXFileReference; lastKnownFileType = file.storyboard; name = Base; path = Base.lproj/Initial.storyboard; sourceTree = "<group>"; };
		4F36D7C11F9F46B600E744D5 /* AppUtilities.swift */ = {isa = PBXFileReference; lastKnownFileType = sourcecode.swift; path = AppUtilities.swift; sourceTree = "<group>"; };
		4F4F07441F9F8BD90035BAA1 /* MainTableViewHeaderFooterView.swift */ = {isa = PBXFileReference; lastKnownFileType = sourcecode.swift; path = MainTableViewHeaderFooterView.swift; sourceTree = "<group>"; };
		4F4F07461F9F8BF80035BAA1 /* MainTableViewHeaderFooterView.xib */ = {isa = PBXFileReference; lastKnownFileType = file.xib; path = MainTableViewHeaderFooterView.xib; sourceTree = "<group>"; };
		4F8C72791F9F66BB00E751E3 /* BaseTransitioningAnimator.swift */ = {isa = PBXFileReference; lastKnownFileType = sourcecode.swift; path = BaseTransitioningAnimator.swift; sourceTree = "<group>"; };
		4F8C727F1F9F744B00E751E3 /* Base */ = {isa = PBXFileReference; lastKnownFileType = file.storyboard; name = Base; path = Base.lproj/Main.storyboard; sourceTree = "<group>"; };
		4FA57A6A1FA086CC007B815A /* Base */ = {isa = PBXFileReference; lastKnownFileType = file.storyboard; name = Base; path = Base.lproj/Final.storyboard; sourceTree = "<group>"; };
		4FB56C121F9F7B9C00276F98 /* MainViewModel.swift */ = {isa = PBXFileReference; lastKnownFileType = sourcecode.swift; path = MainViewModel.swift; sourceTree = "<group>"; };
		4FB56C141F9F870700276F98 /* BaseTableView.swift */ = {isa = PBXFileReference; lastKnownFileType = sourcecode.swift; path = BaseTableView.swift; sourceTree = "<group>"; };
		5BE8176FFD4F224A4D7922B6 /* Pods-Transitions.release.xcconfig */ = {isa = PBXFileReference; includeInIndex = 1; lastKnownFileType = text.xcconfig; name = "Pods-Transitions.release.xcconfig"; path = "Pods/Target Support Files/Pods-Transitions/Pods-Transitions.release.xcconfig"; sourceTree = "<group>"; };
		7D323B4F1C46309900938F08 /* Transitions.app */ = {isa = PBXFileReference; explicitFileType = wrapper.application; includeInIndex = 0; path = Transitions.app; sourceTree = BUILT_PRODUCTS_DIR; };
		7D323B521C46309900938F08 /* AppDelegate.swift */ = {isa = PBXFileReference; lastKnownFileType = sourcecode.swift; path = AppDelegate.swift; sourceTree = "<group>"; };
		7D323B591C46309900938F08 /* Assets.xcassets */ = {isa = PBXFileReference; lastKnownFileType = folder.assetcatalog; path = Assets.xcassets; sourceTree = "<group>"; };
		7D323B5C1C46309900938F08 /* Base */ = {isa = PBXFileReference; lastKnownFileType = file.storyboard; name = Base; path = Base.lproj/LaunchScreen.storyboard; sourceTree = "<group>"; };
		7D323B5E1C46309900938F08 /* Info.plist */ = {isa = PBXFileReference; lastKnownFileType = text.plist.xml; path = Info.plist; sourceTree = "<group>"; };
		88429C4D02418F66BC647FB2 /* Pods-Transitions.debug.xcconfig */ = {isa = PBXFileReference; includeInIndex = 1; lastKnownFileType = text.xcconfig; name = "Pods-Transitions.debug.xcconfig"; path = "Pods/Target Support Files/Pods-Transitions/Pods-Transitions.debug.xcconfig"; sourceTree = "<group>"; };
		9216796DE3BCD0BB34B1508A /* Pods.framework */ = {isa = PBXFileReference; explicitFileType = wrapper.framework; includeInIndex = 0; path = Pods.framework; sourceTree = BUILT_PRODUCTS_DIR; };
/* End PBXFileReference section */

/* Begin PBXFrameworksBuildPhase section */
		7D323B4C1C46309900938F08 /* Frameworks */ = {
			isa = PBXFrameworksBuildPhase;
			buildActionMask = 2147483647;
			files = (
				E5A6B4013DB2F9A99450327B /* Pods_Transitions.framework in Frameworks */,
			);
			runOnlyForDeploymentPostprocessing = 0;
		};
/* End PBXFrameworksBuildPhase section */

/* Begin PBXGroup section */
		4F36D7891F9F373000E744D5 /* Supporting Files */ = {
			isa = PBXGroup;
			children = (
				7D323B5E1C46309900938F08 /* Info.plist */,
				7D323B5B1C46309900938F08 /* LaunchScreen.storyboard */,
			);
			name = "Supporting Files";
			sourceTree = "<group>";
		};
		4F36D78A1F9F389300E744D5 /* source */ = {
			isa = PBXGroup;
			children = (
				4F36D7B21F9F3A1300E744D5 /* extensions */,
				4F36D78B1F9F389300E744D5 /* screens */,
				4F36D79C1F9F389300E744D5 /* transitions */,
				4F36D7B31F9F3A1300E744D5 /* utilities */,
			);
			path = source;
			sourceTree = "<group>";
		};
		4F36D78B1F9F389300E744D5 /* screens */ = {
			isa = PBXGroup;
			children = (
				4F36D7901F9F389300E744D5 /* _UIBaseClasses */,
				4F36D7941F9F389300E744D5 /* final */,
				4F36D78C1F9F389300E744D5 /* initial */,
				4F36D7981F9F389300E744D5 /* main */,
			);
			path = screens;
			sourceTree = "<group>";
		};
		4F36D78C1F9F389300E744D5 /* initial */ = {
			isa = PBXGroup;
			children = (
				4F36D7C01F9F428000E744D5 /* Initial.storyboard */,
				4F36D78E1F9F389300E744D5 /* View */,
				4F8C727B1F9F6F8500E751E3 /* ViewModel */,
			);
			path = initial;
			sourceTree = "<group>";
		};
		4F36D78E1F9F389300E744D5 /* View */ = {
			isa = PBXGroup;
			children = (
				4F36D78F1F9F389300E744D5 /* InitialViewController.swift */,
			);
			path = View;
			sourceTree = "<group>";
		};
		4F36D7901F9F389300E744D5 /* _UIBaseClasses */ = {
			isa = PBXGroup;
			children = (
				4FB56C141F9F870700276F98 /* BaseTableView.swift */,
				4F36D7921F9F389300E744D5 /* BaseTableViewCell.swift */,
				4F36D7931F9F389300E744D5 /* BaseTableViewController.swift */,
				4F36D7911F9F389300E744D5 /* BaseViewController.swift */,
			);
			path = _UIBaseClasses;
			sourceTree = "<group>";
		};
		4F36D7941F9F389300E744D5 /* final */ = {
			isa = PBXGroup;
			children = (
				4FA57A6B1FA086CC007B815A /* Final.storyboard */,
				4F36D7961F9F389300E744D5 /* View */,
				4F36D7951F9F389300E744D5 /* ViewModel */,
			);
			path = final;
			sourceTree = "<group>";
		};
		4F36D7951F9F389300E744D5 /* ViewModel */ = {
			isa = PBXGroup;
			children = (
			);
			path = ViewModel;
			sourceTree = "<group>";
		};
		4F36D7961F9F389300E744D5 /* View */ = {
			isa = PBXGroup;
			children = (
				4F36D7971F9F389300E744D5 /* FinalViewController.swift */,
			);
			path = View;
			sourceTree = "<group>";
		};
		4F36D7981F9F389300E744D5 /* main */ = {
			isa = PBXGroup;
			children = (
				4F4F07431F9F8B5A0035BAA1 /* _customUI */,
				4F8C72801F9F744B00E751E3 /* Main.storyboard */,
				4F36D79A1F9F389300E744D5 /* View */,
				4F36D7991F9F389300E744D5 /* ViewModel */,
			);
			path = main;
			sourceTree = "<group>";
		};
		4F36D7991F9F389300E744D5 /* ViewModel */ = {
			isa = PBXGroup;
			children = (
				4FB56C121F9F7B9C00276F98 /* MainViewModel.swift */,
			);
			path = ViewModel;
			sourceTree = "<group>";
		};
		4F36D79A1F9F389300E744D5 /* View */ = {
			isa = PBXGroup;
			children = (
				4F36D79B1F9F389300E744D5 /* MainViewController.swift */,
			);
			path = View;
			sourceTree = "<group>";
		};
		4F36D79C1F9F389300E744D5 /* transitions */ = {
			isa = PBXGroup;
			children = (
				4F36D79F1F9F389300E744D5 /* animators */,
				4F36D79D1F9F389300E744D5 /* coordinators */,
				4F36D7A11F9F389300E744D5 /* delegates */,
				4F36D7A51F9F389300E744D5 /* presentationControllers */,
				4F36D7A31F9F389300E744D5 /* protocols */,
			);
			path = transitions;
			sourceTree = "<group>";
		};
		4F36D79D1F9F389300E744D5 /* coordinators */ = {
			isa = PBXGroup;
			children = (
				4F36D79E1F9F389300E744D5 /* TransitionCoordinators.swift */,
			);
			path = coordinators;
			sourceTree = "<group>";
		};
		4F36D79F1F9F389300E744D5 /* animators */ = {
			isa = PBXGroup;
			children = (
				4F36D7A01F9F389300E744D5 /* AxialTransitioningAnimator.swift */,
				4F8C72791F9F66BB00E751E3 /* BaseTransitioningAnimator.swift */,
			);
			path = animators;
			sourceTree = "<group>";
		};
		4F36D7A11F9F389300E744D5 /* delegates */ = {
			isa = PBXGroup;
			children = (
				4F36D7A21F9F389300E744D5 /* BaseTransitioningDelegate.swift */,
			);
			path = delegates;
			sourceTree = "<group>";
		};
		4F36D7A31F9F389300E744D5 /* protocols */ = {
			isa = PBXGroup;
			children = (
				4F36D7A41F9F389300E744D5 /* TransitionResignable.swift */,
			);
			path = protocols;
			sourceTree = "<group>";
		};
		4F36D7A51F9F389300E744D5 /* presentationControllers */ = {
			isa = PBXGroup;
			children = (
				4F36D7A61F9F389300E744D5 /* BasePresentationController.swift */,
			);
			path = presentationControllers;
			sourceTree = "<group>";
		};
		4F36D7B21F9F3A1300E744D5 /* extensions */ = {
			isa = PBXGroup;
			children = (
				4F36D7B81F9F407A00E744D5 /* UIWindow+Extensions.swift */,
				4F36D7BA1F9F40F900E744D5 /* UIView+Extensions.swift */,
			);
			path = extensions;
			sourceTree = "<group>";
		};
		4F36D7B31F9F3A1300E744D5 /* utilities */ = {
			isa = PBXGroup;
			children = (
				4F36D7B41F9F3A2E00E744D5 /* AppConstants.swift */,
				4F36D7C11F9F46B600E744D5 /* AppUtilities.swift */,
				4F36D7B61F9F3A3B00E744D5 /* ErrorCreator.swift */,
			);
			path = utilities;
			sourceTree = "<group>";
		};
		4F4F07431F9F8B5A0035BAA1 /* _customUI */ = {
			isa = PBXGroup;
			children = (
				4F4F07441F9F8BD90035BAA1 /* MainTableViewHeaderFooterView.swift */,
				4F4F07461F9F8BF80035BAA1 /* MainTableViewHeaderFooterView.xib */,
			);
			path = _customUI;
			sourceTree = "<group>";
		};
		4F8C727B1F9F6F8500E751E3 /* ViewModel */ = {
			isa = PBXGroup;
			children = (
			);
			path = ViewModel;
			sourceTree = "<group>";
		};
		60F4BE5DDDEEAFE198277C83 /* Frameworks */ = {
			isa = PBXGroup;
			children = (
				9216796DE3BCD0BB34B1508A /* Pods.framework */,
				30702B6A674F8A5118C4DDE4 /* Pods_Transitions.framework */,
			);
			name = Frameworks;
			sourceTree = "<group>";
		};
		7D323B461C46309900938F08 = {
			isa = PBXGroup;
			children = (
				7D323B511C46309900938F08 /* Transitions */,
				7D323B501C46309900938F08 /* Products */,
				60F4BE5DDDEEAFE198277C83 /* Frameworks */,
				B6C3720C13143DEB889B1AA6 /* Pods */,
			);
			sourceTree = "<group>";
		};
		7D323B501C46309900938F08 /* Products */ = {
			isa = PBXGroup;
			children = (
				7D323B4F1C46309900938F08 /* Transitions.app */,
			);
			name = Products;
			sourceTree = "<group>";
		};
		7D323B511C46309900938F08 /* Transitions */ = {
			isa = PBXGroup;
			children = (
				7D323B521C46309900938F08 /* AppDelegate.swift */,
				7D323B591C46309900938F08 /* Assets.xcassets */,
				4F36D78A1F9F389300E744D5 /* source */,
				4F36D7891F9F373000E744D5 /* Supporting Files */,
			);
			path = Transitions;
			sourceTree = "<group>";
		};
		B6C3720C13143DEB889B1AA6 /* Pods */ = {
			isa = PBXGroup;
			children = (
				88429C4D02418F66BC647FB2 /* Pods-Transitions.debug.xcconfig */,
				5BE8176FFD4F224A4D7922B6 /* Pods-Transitions.release.xcconfig */,
			);
			name = Pods;
			sourceTree = "<group>";
		};
/* End PBXGroup section */

/* Begin PBXNativeTarget section */
		7D323B4E1C46309900938F08 /* Transitions */ = {
			isa = PBXNativeTarget;
			buildConfigurationList = 7D323B611C46309900938F08 /* Build configuration list for PBXNativeTarget "Transitions" */;
			buildPhases = (
				42F0B2A7A65D029B83CA44E6 /* [CP] Check Pods Manifest.lock */,
				7D323B4B1C46309900938F08 /* Sources */,
				7D323B4C1C46309900938F08 /* Frameworks */,
				4F70DF231F9E3A350089E417 /* ShellScript */,
				7D323B4D1C46309900938F08 /* Resources */,
				03264EB76BA20F08A1DE8D3A /* [CP] Embed Pods Frameworks */,
				56099DAD4208F87F250D709B /* [CP] Copy Pods Resources */,
			);
			buildRules = (
			);
			dependencies = (
			);
			name = Transitions;
			productName = Transitions;
			productReference = 7D323B4F1C46309900938F08 /* Transitions.app */;
			productType = "com.apple.product-type.application";
		};
/* End PBXNativeTarget section */

/* Begin PBXProject section */
		7D323B471C46309900938F08 /* Project object */ = {
			isa = PBXProject;
			attributes = {
				LastSwiftUpdateCheck = 0720;
				LastUpgradeCheck = 0900;
				ORGANIZATIONNAME = "Boyan Yankov";
				TargetAttributes = {
					7D323B4E1C46309900938F08 = {
						CreatedOnToolsVersion = 7.2;
						DevelopmentTeam = J48Y9TAH25;
						LastSwiftMigration = 0900;
						ProvisioningStyle = Automatic;
					};
				};
			};
			buildConfigurationList = 7D323B4A1C46309900938F08 /* Build configuration list for PBXProject "Transitions" */;
			compatibilityVersion = "Xcode 3.2";
			developmentRegion = English;
			hasScannedForEncodings = 0;
			knownRegions = (
				en,
				Base,
			);
			mainGroup = 7D323B461C46309900938F08;
			productRefGroup = 7D323B501C46309900938F08 /* Products */;
			projectDirPath = "";
			projectRoot = "";
			targets = (
				7D323B4E1C46309900938F08 /* Transitions */,
			);
		};
/* End PBXProject section */

/* Begin PBXResourcesBuildPhase section */
		7D323B4D1C46309900938F08 /* Resources */ = {
			isa = PBXResourcesBuildPhase;
			buildActionMask = 2147483647;
			files = (
				7D323B5D1C46309900938F08 /* LaunchScreen.storyboard in Resources */,
				7D323B5A1C46309900938F08 /* Assets.xcassets in Resources */,
				4F36D7BE1F9F428000E744D5 /* Initial.storyboard in Resources */,
				4FA57A691FA086CC007B815A /* Final.storyboard in Resources */,
				4F8C727E1F9F744B00E751E3 /* Main.storyboard in Resources */,
				4F4F07471F9F8BF80035BAA1 /* MainTableViewHeaderFooterView.xib in Resources */,
			);
			runOnlyForDeploymentPostprocessing = 0;
		};
/* End PBXResourcesBuildPhase section */

/* Begin PBXShellScriptBuildPhase section */
		03264EB76BA20F08A1DE8D3A /* [CP] Embed Pods Frameworks */ = {
			isa = PBXShellScriptBuildPhase;
			buildActionMask = 2147483647;
			files = (
			);
			inputPaths = (
				"${SRCROOT}/Pods/Target Support Files/Pods-Transitions/Pods-Transitions-frameworks.sh",
				"${BUILT_PRODUCTS_DIR}/SimpleLogger/SimpleLogger.framework",
				"${BUILT_PRODUCTS_DIR}/SnapKit/SnapKit.framework",
			);
			name = "[CP] Embed Pods Frameworks";
			outputPaths = (
				"${TARGET_BUILD_DIR}/${FRAMEWORKS_FOLDER_PATH}/SimpleLogger.framework",
				"${TARGET_BUILD_DIR}/${FRAMEWORKS_FOLDER_PATH}/SnapKit.framework",
			);
			runOnlyForDeploymentPostprocessing = 0;
			shellPath = /bin/sh;
			shellScript = "\"${SRCROOT}/Pods/Target Support Files/Pods-Transitions/Pods-Transitions-frameworks.sh\"\n";
			showEnvVarsInLog = 0;
		};
		42F0B2A7A65D029B83CA44E6 /* [CP] Check Pods Manifest.lock */ = {
			isa = PBXShellScriptBuildPhase;
			buildActionMask = 2147483647;
			files = (
			);
			inputPaths = (
				"${PODS_PODFILE_DIR_PATH}/Podfile.lock",
				"${PODS_ROOT}/Manifest.lock",
			);
			name = "[CP] Check Pods Manifest.lock";
			outputPaths = (
				"$(DERIVED_FILE_DIR)/Pods-Transitions-checkManifestLockResult.txt",
			);
			runOnlyForDeploymentPostprocessing = 0;
			shellPath = /bin/sh;
			shellScript = "diff \"${PODS_PODFILE_DIR_PATH}/Podfile.lock\" \"${PODS_ROOT}/Manifest.lock\" > /dev/null\nif [ $? != 0 ] ; then\n    # print error to STDERR\n    echo \"error: The sandbox is not in sync with the Podfile.lock. Run 'pod install' or update your CocoaPods installation.\" >&2\n    exit 1\nfi\n# This output is used by Xcode 'outputs' to avoid re-running this script phase.\necho \"SUCCESS\" > \"${SCRIPT_OUTPUT_FILE_0}\"\n";
			showEnvVarsInLog = 0;
		};
		4F70DF231F9E3A350089E417 /* ShellScript */ = {
			isa = PBXShellScriptBuildPhase;
			buildActionMask = 2147483647;
			files = (
			);
			inputPaths = (
			);
			outputPaths = (
			);
			runOnlyForDeploymentPostprocessing = 0;
			shellPath = /bin/sh;
			shellScript = "#!/bin/bash\nbuildNumber=$(/usr/libexec/PlistBuddy -c \"Print CFBundleVersion\" \"${PROJECT_DIR}/${INFOPLIST_FILE}\")\nbuildNumber=$(($buildNumber + 1))\n/usr/libexec/PlistBuddy -c \"Set :CFBundleVersion $buildNumber\" \"${PROJECT_DIR}/${INFOPLIST_FILE}\"";
		};
		56099DAD4208F87F250D709B /* [CP] Copy Pods Resources */ = {
			isa = PBXShellScriptBuildPhase;
			buildActionMask = 2147483647;
			files = (
			);
			inputPaths = (
			);
			name = "[CP] Copy Pods Resources";
			outputPaths = (
			);
			runOnlyForDeploymentPostprocessing = 0;
			shellPath = /bin/sh;
			shellScript = "\"${SRCROOT}/Pods/Target Support Files/Pods-Transitions/Pods-Transitions-resources.sh\"\n";
			showEnvVarsInLog = 0;
		};
/* End PBXShellScriptBuildPhase section */

/* Begin PBXSourcesBuildPhase section */
		7D323B4B1C46309900938F08 /* Sources */ = {
			isa = PBXSourcesBuildPhase;
			buildActionMask = 2147483647;
			files = (
				4F36D7A91F9F389300E744D5 /* BaseTableViewCell.swift in Sources */,
				4F36D7B71F9F3A3B00E744D5 /* ErrorCreator.swift in Sources */,
				4F36D7AD1F9F389300E744D5 /* TransitionCoordinators.swift in Sources */,
				4F36D7AE1F9F389300E744D5 /* AxialTransitioningAnimator.swift in Sources */,
				4FB56C151F9F870700276F98 /* BaseTableView.swift in Sources */,
				4F36D7AB1F9F389300E744D5 /* FinalViewController.swift in Sources */,
				7D323B531C46309900938F08 /* AppDelegate.swift in Sources */,
				4F36D7BB1F9F40F900E744D5 /* UIView+Extensions.swift in Sources */,
				4F4F07451F9F8BD90035BAA1 /* MainTableViewHeaderFooterView.swift in Sources */,
				4F36D7B91F9F407A00E744D5 /* UIWindow+Extensions.swift in Sources */,
				4F36D7AA1F9F389300E744D5 /* BaseTableViewController.swift in Sources */,
				4F36D7AF1F9F389300E744D5 /* BaseTransitioningDelegate.swift in Sources */,
				4F36D7B11F9F389300E744D5 /* BasePresentationController.swift in Sources */,
				4F36D7A71F9F389300E744D5 /* InitialViewController.swift in Sources */,
				4F36D7B01F9F389300E744D5 /* TransitionResignable.swift in Sources */,
				4FB56C131F9F7B9C00276F98 /* MainViewModel.swift in Sources */,
				4F36D7B51F9F3A2E00E744D5 /* AppConstants.swift in Sources */,
				4F36D7AC1F9F389300E744D5 /* MainViewController.swift in Sources */,
				4F36D7C21F9F46B600E744D5 /* AppUtilities.swift in Sources */,
				4F36D7A81F9F389300E744D5 /* BaseViewController.swift in Sources */,
				4F8C727A1F9F66BB00E751E3 /* BaseTransitioningAnimator.swift in Sources */,
			);
			runOnlyForDeploymentPostprocessing = 0;
		};
/* End PBXSourcesBuildPhase section */

/* Begin PBXVariantGroup section */
		4F36D7C01F9F428000E744D5 /* Initial.storyboard */ = {
			isa = PBXVariantGroup;
			children = (
				4F36D7BF1F9F428000E744D5 /* Base */,
			);
			name = Initial.storyboard;
			sourceTree = "<group>";
		};
		4F8C72801F9F744B00E751E3 /* Main.storyboard */ = {
			isa = PBXVariantGroup;
			children = (
				4F8C727F1F9F744B00E751E3 /* Base */,
			);
			name = Main.storyboard;
			sourceTree = "<group>";
		};
		4FA57A6B1FA086CC007B815A /* Final.storyboard */ = {
			isa = PBXVariantGroup;
			children = (
				4FA57A6A1FA086CC007B815A /* Base */,
			);
			name = Final.storyboard;
			sourceTree = "<group>";
		};
		7D323B5B1C46309900938F08 /* LaunchScreen.storyboard */ = {
			isa = PBXVariantGroup;
			children = (
				7D323B5C1C46309900938F08 /* Base */,
			);
			name = LaunchScreen.storyboard;
			sourceTree = "<group>";
		};
/* End PBXVariantGroup section */

/* Begin XCBuildConfiguration section */
		7D323B5F1C46309900938F08 /* Debug */ = {
			isa = XCBuildConfiguration;
			buildSettings = {
				ALWAYS_SEARCH_USER_PATHS = NO;
				CLANG_CXX_LANGUAGE_STANDARD = "gnu++0x";
				CLANG_CXX_LIBRARY = "libc++";
				CLANG_ENABLE_MODULES = YES;
				CLANG_ENABLE_OBJC_ARC = YES;
				CLANG_WARN_BLOCK_CAPTURE_AUTORELEASING = YES;
				CLANG_WARN_BOOL_CONVERSION = YES;
				CLANG_WARN_COMMA = YES;
				CLANG_WARN_CONSTANT_CONVERSION = YES;
				CLANG_WARN_DIRECT_OBJC_ISA_USAGE = YES_ERROR;
				CLANG_WARN_EMPTY_BODY = YES;
				CLANG_WARN_ENUM_CONVERSION = YES;
				CLANG_WARN_INFINITE_RECURSION = YES;
				CLANG_WARN_INT_CONVERSION = YES;
				CLANG_WARN_NON_LITERAL_NULL_CONVERSION = YES;
				CLANG_WARN_OBJC_LITERAL_CONVERSION = YES;
				CLANG_WARN_OBJC_ROOT_CLASS = YES_ERROR;
				CLANG_WARN_RANGE_LOOP_ANALYSIS = YES;
				CLANG_WARN_STRICT_PROTOTYPES = YES;
				CLANG_WARN_SUSPICIOUS_MOVE = YES;
				CLANG_WARN_UNREACHABLE_CODE = YES;
				CLANG_WARN__DUPLICATE_METHOD_MATCH = YES;
				"CODE_SIGN_IDENTITY[sdk=iphoneos*]" = "iPhone Developer";
				COPY_PHASE_STRIP = NO;
				DEBUG_INFORMATION_FORMAT = dwarf;
				ENABLE_STRICT_OBJC_MSGSEND = YES;
				ENABLE_TESTABILITY = YES;
				GCC_C_LANGUAGE_STANDARD = gnu99;
				GCC_DYNAMIC_NO_PIC = NO;
				GCC_NO_COMMON_BLOCKS = YES;
				GCC_OPTIMIZATION_LEVEL = 0;
				GCC_PREPROCESSOR_DEFINITIONS = (
					"DEBUG=1",
					"$(inherited)",
				);
				GCC_WARN_64_TO_32_BIT_CONVERSION = YES;
				GCC_WARN_ABOUT_RETURN_TYPE = YES_ERROR;
				GCC_WARN_UNDECLARED_SELECTOR = YES;
				GCC_WARN_UNINITIALIZED_AUTOS = YES_AGGRESSIVE;
				GCC_WARN_UNUSED_FUNCTION = YES;
				GCC_WARN_UNUSED_VARIABLE = YES;
				IPHONEOS_DEPLOYMENT_TARGET = 10.3;
				MTL_ENABLE_DEBUG_INFO = YES;
				ONLY_ACTIVE_ARCH = YES;
				SDKROOT = iphoneos;
				SWIFT_OPTIMIZATION_LEVEL = "-Onone";
				TARGETED_DEVICE_FAMILY = "1,2";
			};
			name = Debug;
		};
		7D323B601C46309900938F08 /* Release */ = {
			isa = XCBuildConfiguration;
			buildSettings = {
				ALWAYS_SEARCH_USER_PATHS = NO;
				CLANG_CXX_LANGUAGE_STANDARD = "gnu++0x";
				CLANG_CXX_LIBRARY = "libc++";
				CLANG_ENABLE_MODULES = YES;
				CLANG_ENABLE_OBJC_ARC = YES;
				CLANG_WARN_BLOCK_CAPTURE_AUTORELEASING = YES;
				CLANG_WARN_BOOL_CONVERSION = YES;
				CLANG_WARN_COMMA = YES;
				CLANG_WARN_CONSTANT_CONVERSION = YES;
				CLANG_WARN_DIRECT_OBJC_ISA_USAGE = YES_ERROR;
				CLANG_WARN_EMPTY_BODY = YES;
				CLANG_WARN_ENUM_CONVERSION = YES;
				CLANG_WARN_INFINITE_RECURSION = YES;
				CLANG_WARN_INT_CONVERSION = YES;
				CLANG_WARN_NON_LITERAL_NULL_CONVERSION = YES;
				CLANG_WARN_OBJC_LITERAL_CONVERSION = YES;
				CLANG_WARN_OBJC_ROOT_CLASS = YES_ERROR;
				CLANG_WARN_RANGE_LOOP_ANALYSIS = YES;
				CLANG_WARN_STRICT_PROTOTYPES = YES;
				CLANG_WARN_SUSPICIOUS_MOVE = YES;
				CLANG_WARN_UNREACHABLE_CODE = YES;
				CLANG_WARN__DUPLICATE_METHOD_MATCH = YES;
				"CODE_SIGN_IDENTITY[sdk=iphoneos*]" = "iPhone Developer";
				COPY_PHASE_STRIP = NO;
				DEBUG_INFORMATION_FORMAT = "dwarf-with-dsym";
				ENABLE_NS_ASSERTIONS = NO;
				ENABLE_STRICT_OBJC_MSGSEND = YES;
				GCC_C_LANGUAGE_STANDARD = gnu99;
				GCC_NO_COMMON_BLOCKS = YES;
				GCC_WARN_64_TO_32_BIT_CONVERSION = YES;
				GCC_WARN_ABOUT_RETURN_TYPE = YES_ERROR;
				GCC_WARN_UNDECLARED_SELECTOR = YES;
				GCC_WARN_UNINITIALIZED_AUTOS = YES_AGGRESSIVE;
				GCC_WARN_UNUSED_FUNCTION = YES;
				GCC_WARN_UNUSED_VARIABLE = YES;
				IPHONEOS_DEPLOYMENT_TARGET = 10.3;
				MTL_ENABLE_DEBUG_INFO = NO;
				SDKROOT = iphoneos;
				SWIFT_OPTIMIZATION_LEVEL = "-Owholemodule";
				TARGETED_DEVICE_FAMILY = "1,2";
				VALIDATE_PRODUCT = YES;
			};
			name = Release;
		};
		7D323B621C46309900938F08 /* Debug */ = {
			isa = XCBuildConfiguration;
			baseConfigurationReference = 88429C4D02418F66BC647FB2 /* Pods-Transitions.debug.xcconfig */;
			buildSettings = {
				ALWAYS_EMBED_SWIFT_STANDARD_LIBRARIES = "$(inherited)";
				ASSETCATALOG_COMPILER_APPICON_NAME = AppIcon;
				CODE_SIGN_IDENTITY = "iPhone Developer";
				"CODE_SIGN_IDENTITY[sdk=iphoneos*]" = "iPhone Developer";
				CODE_SIGN_STYLE = Automatic;
				DEVELOPMENT_TEAM = J48Y9TAH25;
				INFOPLIST_FILE = Transitions/Info.plist;
				LD_RUNPATH_SEARCH_PATHS = "$(inherited) @executable_path/Frameworks";
				PRODUCT_BUNDLE_IDENTIFIER = com.yahoo.at.boyankov.Transitions;
				PRODUCT_NAME = "$(TARGET_NAME)";
				PROVISIONING_PROFILE_SPECIFIER = "";
				SWIFT_SWIFT3_OBJC_INFERENCE = Default;
				SWIFT_VERSION = 4.0;
			};
			name = Debug;
		};
		7D323B631C46309900938F08 /* Release */ = {
			isa = XCBuildConfiguration;
			baseConfigurationReference = 5BE8176FFD4F224A4D7922B6 /* Pods-Transitions.release.xcconfig */;
			buildSettings = {
				ALWAYS_EMBED_SWIFT_STANDARD_LIBRARIES = "$(inherited)";
				ASSETCATALOG_COMPILER_APPICON_NAME = AppIcon;
				CODE_SIGN_IDENTITY = "iPhone Developer";
				"CODE_SIGN_IDENTITY[sdk=iphoneos*]" = "iPhone Developer";
				CODE_SIGN_STYLE = Automatic;
				DEVELOPMENT_TEAM = J48Y9TAH25;
				INFOPLIST_FILE = Transitions/Info.plist;
				LD_RUNPATH_SEARCH_PATHS = "$(inherited) @executable_path/Frameworks";
				PRODUCT_BUNDLE_IDENTIFIER = com.yahoo.at.boyankov.Transitions;
				PRODUCT_NAME = "$(TARGET_NAME)";
				PROVISIONING_PROFILE_SPECIFIER = "";
				SWIFT_SWIFT3_OBJC_INFERENCE = Default;
				SWIFT_VERSION = 4.0;
			};
			name = Release;
		};
/* End XCBuildConfiguration section */

/* Begin XCConfigurationList section */
		7D323B4A1C46309900938F08 /* Build configuration list for PBXProject "Transitions" */ = {
			isa = XCConfigurationList;
			buildConfigurations = (
				7D323B5F1C46309900938F08 /* Debug */,
				7D323B601C46309900938F08 /* Release */,
			);
			defaultConfigurationIsVisible = 0;
			defaultConfigurationName = Release;
		};
		7D323B611C46309900938F08 /* Build configuration list for PBXNativeTarget "Transitions" */ = {
			isa = XCConfigurationList;
			buildConfigurations = (
				7D323B621C46309900938F08 /* Debug */,
				7D323B631C46309900938F08 /* Release */,
			);
			defaultConfigurationIsVisible = 0;
			defaultConfigurationName = Release;
		};
/* End XCConfigurationList section */
	};
	rootObject = 7D323B471C46309900938F08 /* Project object */;
}
