{
  "object": {
    "pins": [
      {
        "package": "SimpleLogger",
        "repositoryURL": "git@github.com:thinkaboutiter/SimpleLogger.git",
        "state": {
          "branch": null,
          "revision": "c5cace7eb070a424500567ed14623958d7fa5511",
          "version": "2.4.4"
        }
      }
    ]
  },
  "version": 1
}
